// !$*UTF8*$!
{
	archiveVersion = 1;
	classes = {
	};
	objectVersion = 77;
	objects = {

/* Begin PBXContainerItemProxy section */
		D85E027D2D240A6C00CDEFCA /* PBXContainerItemProxy */ = {
			isa = PBXContainerItemProxy;
			containerPortal = D85E02642D240A6A00CDEFCA /* Project object */;
			proxyType = 1;
			remoteGlobalIDString = D85E026B2D240A6A00CDEFCA;
			remoteInfo = TicTacToe;
		};
		D85E02872D240A6C00CDEFCA /* PBXContainerItemProxy */ = {
			isa = PBXContainerItemProxy;
			containerPortal = D85E02642D240A6A00CDEFCA /* Project object */;
			proxyType = 1;
			remoteGlobalIDString = D85E026B2D240A6A00CDEFCA;
			remoteInfo = TicTacToe;
		};
/* End PBXContainerItemProxy section */

/* Begin PBXFileReference section */
		D85E026C2D240A6A00CDEFCA /* TicTacToe.app */ = {isa = PBXFileReference; explicitFileType = wrapper.application; includeInIndex = 0; path = TicTacToe.app; sourceTree = BUILT_PRODUCTS_DIR; };
		D85E027C2D240A6C00CDEFCA /* TicTacToeTests.xctest */ = {isa = PBXFileReference; explicitFileType = wrapper.cfbundle; includeInIndex = 0; path = TicTacToeTests.xctest; sourceTree = BUILT_PRODUCTS_DIR; };
		D85E02862D240A6C00CDEFCA /* TicTacToeUITests.xctest */ = {isa = PBXFileReference; explicitFileType = wrapper.cfbundle; includeInIndex = 0; path = TicTacToeUITests.xctest; sourceTree = BUILT_PRODUCTS_DIR; };
/* End PBXFileReference section */

/* Begin PBXFileSystemSynchronizedRootGroup section */
		D85E026E2D240A6A00CDEFCA /* TicTacToe */ = {
			isa = PBXFileSystemSynchronizedRootGroup;
			path = TicTacToe;
			sourceTree = "<group>";
		};
		D85E027F2D240A6C00CDEFCA /* TicTacToeTests */ = {
			isa = PBXFileSystemSynchronizedRootGroup;
			path = TicTacToeTests;
			sourceTree = "<group>";
		};
		D85E02892D240A6C00CDEFCA /* TicTacToeUITests */ = {
			isa = PBXFileSystemSynchronizedRootGroup;
			path = TicTacToeUITests;
			sourceTree = "<group>";
		};
/* End PBXFileSystemSynchronizedRootGroup section */

/* Begin PBXFrameworksBuildPhase section */
		D85E02692D240A6A00CDEFCA /* Frameworks */ = {
			isa = PBXFrameworksBuildPhase;
			buildActionMask = 2147483647;
			files = (
			);
			runOnlyForDeploymentPostprocessing = 0;
		};
		D85E02792D240A6C00CDEFCA /* Frameworks */ = {
			isa = PBXFrameworksBuildPhase;
			buildActionMask = 2147483647;
			files = (
			);
			runOnlyForDeploymentPostprocessing = 0;
		};
		D85E02832D240A6C00CDEFCA /* Frameworks */ = {
			isa = PBXFrameworksBuildPhase;
			buildActionMask = 2147483647;
			files = (
			);
			runOnlyForDeploymentPostprocessing = 0;
		};
/* End PBXFrameworksBuildPhase section */

/* Begin PBXGroup section */
		D85E02632D240A6A00CDEFCA = {
			isa = PBXGroup;
			children = (
				D85E026E2D240A6A00CDEFCA /* TicTacToe */,
				D85E027F2D240A6C00CDEFCA /* TicTacToeTests */,
				D85E02892D240A6C00CDEFCA /* TicTacToeUITests */,
				D85E026D2D240A6A00CDEFCA /* Products */,
			);
			sourceTree = "<group>";
		};
		D85E026D2D240A6A00CDEFCA /* Products */ = {
			isa = PBXGroup;
			children = (
				D85E026C2D240A6A00CDEFCA /* TicTacToe.app */,
				D85E027C2D240A6C00CDEFCA /* TicTacToeTests.xctest */,
				D85E02862D240A6C00CDEFCA /* TicTacToeUITests.xctest */,
			);
			name = Products;
			sourceTree = "<group>";
		};
/* End PBXGroup section */

/* Begin PBXNativeTarget section */
		D85E026B2D240A6A00CDEFCA /* TicTacToe */ = {
			isa = PBXNativeTarget;
			buildConfigurationList = D85E02902D240A6C00CDEFCA /* Build configuration list for PBXNativeTarget "TicTacToe" */;
			buildPhases = (
				D85E02682D240A6A00CDEFCA /* Sources */,
				D85E02692D240A6A00CDEFCA /* Frameworks */,
				D85E026A2D240A6A00CDEFCA /* Resources */,
			);
			buildRules = (
			);
			dependencies = (
			);
			fileSystemSynchronizedGroups = (
				D85E026E2D240A6A00CDEFCA /* TicTacToe */,
			);
			name = TicTacToe;
			packageProductDependencies = (
			);
			productName = TicTacToe;
			productReference = D85E026C2D240A6A00CDEFCA /* TicTacToe.app */;
			productType = "com.apple.product-type.application";
		};
		D85E027B2D240A6C00CDEFCA /* TicTacToeTests */ = {
			isa = PBXNativeTarget;
			buildConfigurationList = D85E02932D240A6C00CDEFCA /* Build configuration list for PBXNativeTarget "TicTacToeTests" */;
			buildPhases = (
				D85E02782D240A6C00CDEFCA /* Sources */,
				D85E02792D240A6C00CDEFCA /* Frameworks */,
				D85E027A2D240A6C00CDEFCA /* Resources */,
			);
			buildRules = (
			);
			dependencies = (
				D85E027E2D240A6C00CDEFCA /* PBXTargetDependency */,
			);
			fileSystemSynchronizedGroups = (
				D85E027F2D240A6C00CDEFCA /* TicTacToeTests */,
			);
			name = TicTacToeTests;
			packageProductDependencies = (
			);
			productName = TicTacToeTests;
			productReference = D85E027C2D240A6C00CDEFCA /* TicTacToeTests.xctest */;
			productType = "com.apple.product-type.bundle.unit-test";
		};
		D85E02852D240A6C00CDEFCA /* TicTacToeUITests */ = {
			isa = PBXNativeTarget;
			buildConfigurationList = D85E02962D240A6C00CDEFCA /* Build configuration list for PBXNativeTarget "TicTacToeUITests" */;
			buildPhases = (
				D85E02822D240A6C00CDEFCA /* Sources */,
				D85E02832D240A6C00CDEFCA /* Frameworks */,
				D85E02842D240A6C00CDEFCA /* Resources */,
			);
			buildRules = (
			);
			dependencies = (
				D85E02882D240A6C00CDEFCA /* PBXTargetDependency */,
			);
			fileSystemSynchronizedGroups = (
				D85E02892D240A6C00CDEFCA /* TicTacToeUITests */,
			);
			name = TicTacToeUITests;
			packageProductDependencies = (
			);
			productName = TicTacToeUITests;
			productReference = D85E02862D240A6C00CDEFCA /* TicTacToeUITests.xctest */;
			productType = "com.apple.product-type.bundle.ui-testing";
		};
/* End PBXNativeTarget section */

/* Begin PBXProject section */
		D85E02642D240A6A00CDEFCA /* Project object */ = {
			isa = PBXProject;
			attributes = {
				BuildIndependentTargetsInParallel = 1;
				LastSwiftUpdateCheck = 1600;
				LastUpgradeCheck = 1600;
				TargetAttributes = {
					D85E026B2D240A6A00CDEFCA = {
						CreatedOnToolsVersion = 16.0;
					};
					D85E027B2D240A6C00CDEFCA = {
						CreatedOnToolsVersion = 16.0;
						TestTargetID = D85E026B2D240A6A00CDEFCA;
					};
					D85E02852D240A6C00CDEFCA = {
						CreatedOnToolsVersion = 16.0;
						TestTargetID = D85E026B2D240A6A00CDEFCA;
					};
				};
			};
			buildConfigurationList = D85E02672D240A6A00CDEFCA /* Build configuration list for PBXProject "TicTacToe" */;
			developmentRegion = en;
			hasScannedForEncodings = 0;
			knownRegions = (
				en,
				Base,
			);
			mainGroup = D85E02632D240A6A00CDEFCA;
			minimizedProjectReferenceProxies = 1;
			preferredProjectObjectVersion = 77;
			productRefGroup = D85E026D2D240A6A00CDEFCA /* Products */;
			projectDirPath = "";
			projectRoot = "";
			targets = (
				D85E026B2D240A6A00CDEFCA /* TicTacToe */,
				D85E027B2D240A6C00CDEFCA /* TicTacToeTests */,
				D85E02852D240A6C00CDEFCA /* TicTacToeUITests */,
			);
		};
/* End PBXProject section */

/* Begin PBXResourcesBuildPhase section */
		D85E026A2D240A6A00CDEFCA /* Resources */ = {
			isa = PBXResourcesBuildPhase;
			buildActionMask = 2147483647;
			files = (
			);
			runOnlyForDeploymentPostprocessing = 0;
		};
		D85E027A2D240A6C00CDEFCA /* Resources */ = {
			isa = PBXResourcesBuildPhase;
			buildActionMask = 2147483647;
			files = (
			);
			runOnlyForDeploymentPostprocessing = 0;
		};
		D85E02842D240A6C00CDEFCA /* Resources */ = {
			isa = PBXResourcesBuildPhase;
			buildActionMask = 2147483647;
			files = (
			);
			runOnlyForDeploymentPostprocessing = 0;
		};
/* End PBXResourcesBuildPhase section */

/* Begin PBXSourcesBuildPhase section */
		D85E02682D240A6A00CDEFCA /* Sources */ = {
			isa = PBXSourcesBuildPhase;
			buildActionMask = 2147483647;
			files = (
			);
			runOnlyForDeploymentPostprocessing = 0;
		};
		D85E02782D240A6C00CDEFCA /* Sources */ = {
			isa = PBXSourcesBuildPhase;
			buildActionMask = 2147483647;
			files = (
			);
			runOnlyForDeploymentPostprocessing = 0;
		};
		D85E02822D240A6C00CDEFCA /* Sources */ = {
			isa = PBXSourcesBuildPhase;
			buildActionMask = 2147483647;
			files = (
			);
			runOnlyForDeploymentPostprocessing = 0;
		};
/* End PBXSourcesBuildPhase section */

/* Begin PBXTargetDependency section */
		D85E027E2D240A6C00CDEFCA /* PBXTargetDependency */ = {
			isa = PBXTargetDependency;
			target = D85E026B2D240A6A00CDEFCA /* TicTacToe */;
			targetProxy = D85E027D2D240A6C00CDEFCA /* PBXContainerItemProxy */;
		};
		D85E02882D240A6C00CDEFCA /* PBXTargetDependency */ = {
			isa = PBXTargetDependency;
			target = D85E026B2D240A6A00CDEFCA /* TicTacToe */;
			targetProxy = D85E02872D240A6C00CDEFCA /* PBXContainerItemProxy */;
		};
/* End PBXTargetDependency section */

/* Begin XCBuildConfiguration section */
		D85E028E2D240A6C00CDEFCA /* Debug */ = {
			isa = XCBuildConfiguration;
			buildSettings = {
				ALWAYS_SEARCH_USER_PATHS = NO;
				ASSETCATALOG_COMPILER_GENERATE_SWIFT_ASSET_SYMBOL_EXTENSIONS = YES;
				CLANG_ANALYZER_NONNULL = YES;
				CLANG_ANALYZER_NUMBER_OBJECT_CONVERSION = YES_AGGRESSIVE;
				CLANG_CXX_LANGUAGE_STANDARD = "gnu++20";
				CLANG_ENABLE_MODULES = YES;
				CLANG_ENABLE_OBJC_ARC = YES;
				CLANG_ENABLE_OBJC_WEAK = YES;
				CLANG_WARN_BLOCK_CAPTURE_AUTORELEASING = YES;
				CLANG_WARN_BOOL_CONVERSION = YES;
				CLANG_WARN_COMMA = YES;
				CLANG_WARN_CONSTANT_CONVERSION = YES;
				CLANG_WARN_DEPRECATED_OBJC_IMPLEMENTATIONS = YES;
				CLANG_WARN_DIRECT_OBJC_ISA_USAGE = YES_ERROR;
				CLANG_WARN_DOCUMENTATION_COMMENTS = YES;
				CLANG_WARN_EMPTY_BODY = YES;
				CLANG_WARN_ENUM_CONVERSION = YES;
				CLANG_WARN_INFINITE_RECURSION = YES;
				CLANG_WARN_INT_CONVERSION = YES;
				CLANG_WARN_NON_LITERAL_NULL_CONVERSION = YES;
				CLANG_WARN_OBJC_IMPLICIT_RETAIN_SELF = YES;
				CLANG_WARN_OBJC_LITERAL_CONVERSION = YES;
				CLANG_WARN_OBJC_ROOT_CLASS = YES_ERROR;
				CLANG_WARN_QUOTED_INCLUDE_IN_FRAMEWORK_HEADER = YES;
				CLANG_WARN_RANGE_LOOP_ANALYSIS = YES;
				CLANG_WARN_STRICT_PROTOTYPES = YES;
				CLANG_WARN_SUSPICIOUS_MOVE = YES;
				CLANG_WARN_UNGUARDED_AVAILABILITY = YES_AGGRESSIVE;
				CLANG_WARN_UNREACHABLE_CODE = YES;
				CLANG_WARN__DUPLICATE_METHOD_MATCH = YES;
				COPY_PHASE_STRIP = NO;
				DEBUG_INFORMATION_FORMAT = dwarf;
				ENABLE_STRICT_OBJC_MSGSEND = YES;
				ENABLE_TESTABILITY = YES;
				ENABLE_USER_SCRIPT_SANDBOXING = YES;
				GCC_C_LANGUAGE_STANDARD = gnu17;
				GCC_DYNAMIC_NO_PIC = NO;
				GCC_NO_COMMON_BLOCKS = YES;
				GCC_OPTIMIZATION_LEVEL = 0;
				GCC_PREPROCESSOR_DEFINITIONS = (
					"DEBUG=1",
					"$(inherited)",
				);
				GCC_WARN_64_TO_32_BIT_CONVERSION = YES;
				GCC_WARN_ABOUT_RETURN_TYPE = YES_ERROR;
				GCC_WARN_UNDECLARED_SELECTOR = YES;
				GCC_WARN_UNINITIALIZED_AUTOS = YES_AGGRESSIVE;
				GCC_WARN_UNUSED_FUNCTION = YES;
				GCC_WARN_UNUSED_VARIABLE = YES;
				IPHONEOS_DEPLOYMENT_TARGET = 18.0;
				LOCALIZATION_PREFERS_STRING_CATALOGS = YES;
				MTL_ENABLE_DEBUG_INFO = INCLUDE_SOURCE;
				MTL_FAST_MATH = YES;
				ONLY_ACTIVE_ARCH = YES;
				SDKROOT = iphoneos;
				SWIFT_ACTIVE_COMPILATION_CONDITIONS = "DEBUG $(inherited)";
				SWIFT_OPTIMIZATION_LEVEL = "-Onone";
			};
			name = Debug;
		};
		D85E028F2D240A6C00CDEFCA /* Release */ = {
			isa = XCBuildConfiguration;
			buildSettings = {
				ALWAYS_SEARCH_USER_PATHS = NO;
				ASSETCATALOG_COMPILER_GENERATE_SWIFT_ASSET_SYMBOL_EXTENSIONS = YES;
				CLANG_ANALYZER_NONNULL = YES;
				CLANG_ANALYZER_NUMBER_OBJECT_CONVERSION = YES_AGGRESSIVE;
				CLANG_CXX_LANGUAGE_STANDARD = "gnu++20";
				CLANG_ENABLE_MODULES = YES;
				CLANG_ENABLE_OBJC_ARC = YES;
				CLANG_ENABLE_OBJC_WEAK = YES;
				CLANG_WARN_BLOCK_CAPTURE_AUTORELEASING = YES;
				CLANG_WARN_BOOL_CONVERSION = YES;
				CLANG_WARN_COMMA = YES;
				CLANG_WARN_CONSTANT_CONVERSION = YES;
				CLANG_WARN_DEPRECATED_OBJC_IMPLEMENTATIONS = YES;
				CLANG_WARN_DIRECT_OBJC_ISA_USAGE = YES_ERROR;
				CLANG_WARN_DOCUMENTATION_COMMENTS = YES;
				CLANG_WARN_EMPTY_BODY = YES;
				CLANG_WARN_ENUM_CONVERSION = YES;
				CLANG_WARN_INFINITE_RECURSION = YES;
				CLANG_WARN_INT_CONVERSION = YES;
				CLANG_WARN_NON_LITERAL_NULL_CONVERSION = YES;
				CLANG_WARN_OBJC_IMPLICIT_RETAIN_SELF = YES;
				CLANG_WARN_OBJC_LITERAL_CONVERSION = YES;
				CLANG_WARN_OBJC_ROOT_CLASS = YES_ERROR;
				CLANG_WARN_QUOTED_INCLUDE_IN_FRAMEWORK_HEADER = YES;
				CLANG_WARN_RANGE_LOOP_ANALYSIS = YES;
				CLANG_WARN_STRICT_PROTOTYPES = YES;
				CLANG_WARN_SUSPICIOUS_MOVE = YES;
				CLANG_WARN_UNGUARDED_AVAILABILITY = YES_AGGRESSIVE;
				CLANG_WARN_UNREACHABLE_CODE = YES;
				CLANG_WARN__DUPLICATE_METHOD_MATCH = YES;
				COPY_PHASE_STRIP = NO;
				DEBUG_INFORMATION_FORMAT = "dwarf-with-dsym";
				ENABLE_NS_ASSERTIONS = NO;
				ENABLE_STRICT_OBJC_MSGSEND = YES;
				ENABLE_USER_SCRIPT_SANDBOXING = YES;
				GCC_C_LANGUAGE_STANDARD = gnu17;
				GCC_NO_COMMON_BLOCKS = YES;
				GCC_WARN_64_TO_32_BIT_CONVERSION = YES;
				GCC_WARN_ABOUT_RETURN_TYPE = YES_ERROR;
				GCC_WARN_UNDECLARED_SELECTOR = YES;
				GCC_WARN_UNINITIALIZED_AUTOS = YES_AGGRESSIVE;
				GCC_WARN_UNUSED_FUNCTION = YES;
				GCC_WARN_UNUSED_VARIABLE = YES;
				IPHONEOS_DEPLOYMENT_TARGET = 18.0;
				LOCALIZATION_PREFERS_STRING_CATALOGS = YES;
				MTL_ENABLE_DEBUG_INFO = NO;
				MTL_FAST_MATH = YES;
				SDKROOT = iphoneos;
				SWIFT_COMPILATION_MODE = wholemodule;
				VALIDATE_PRODUCT = YES;
			};
			name = Release;
		};
		D85E02912D240A6C00CDEFCA /* Debug */ = {
			isa = XCBuildConfiguration;
			buildSettings = {
				ASSETCATALOG_COMPILER_APPICON_NAME = AppIcon;
				ASSETCATALOG_COMPILER_GLOBAL_ACCENT_COLOR_NAME = AccentColor;
				CODE_SIGN_STYLE = Automatic;
				CURRENT_PROJECT_VERSION = 1;
				DEVELOPMENT_ASSET_PATHS = "\"TicTacToe/Preview Content\"";
				ENABLE_PREVIEWS = YES;
				GENERATE_INFOPLIST_FILE = YES;
				INFOPLIST_KEY_UIApplicationSceneManifest_Generation = YES;
				INFOPLIST_KEY_UIApplicationSupportsIndirectInputEvents = YES;
				INFOPLIST_KEY_UILaunchScreen_Generation = YES;
				INFOPLIST_KEY_UISupportedInterfaceOrientations_iPad = "UIInterfaceOrientationPortrait UIInterfaceOrientationPortraitUpsideDown UIInterfaceOrientationLandscapeLeft UIInterfaceOrientationLandscapeRight";
				INFOPLIST_KEY_UISupportedInterfaceOrientations_iPhone = "UIInterfaceOrientationPortrait UIInterfaceOrientationLandscapeLeft UIInterfaceOrientationLandscapeRight";
				LD_RUNPATH_SEARCH_PATHS = (
					"$(inherited)",
					"@executable_path/Frameworks",
				);
				MARKETING_VERSION = 1.0;
				PRODUCT_BUNDLE_IDENTIFIER = none.TicTacToe;
				PRODUCT_NAME = "$(TARGET_NAME)";
				SWIFT_EMIT_LOC_STRINGS = YES;
				SWIFT_VERSION = 5.0;
				TARGETED_DEVICE_FAMILY = "1,2";
			};
			name = Debug;
		};
		D85E02922D240A6C00CDEFCA /* Release */ = {
			isa = XCBuildConfiguration;
			buildSettings = {
				ASSETCATALOG_COMPILER_APPICON_NAME = AppIcon;
				ASSETCATALOG_COMPILER_GLOBAL_ACCENT_COLOR_NAME = AccentColor;
				CODE_SIGN_STYLE = Automatic;
				CURRENT_PROJECT_VERSION = 1;
				DEVELOPMENT_ASSET_PATHS = "\"TicTacToe/Preview Content\"";
				ENABLE_PREVIEWS = YES;
				GENERATE_INFOPLIST_FILE = YES;
				INFOPLIST_KEY_UIApplicationSceneManifest_Generation = YES;
				INFOPLIST_KEY_UIApplicationSupportsIndirectInputEvents = YES;
				INFOPLIST_KEY_UILaunchScreen_Generation = YES;
				INFOPLIST_KEY_UISupportedInterfaceOrientations_iPad = "UIInterfaceOrientationPortrait UIInterfaceOrientationPortraitUpsideDown UIInterfaceOrientationLandscapeLeft UIInterfaceOrientationLandscapeRight";
				INFOPLIST_KEY_UISupportedInterfaceOrientations_iPhone = "UIInterfaceOrientationPortrait UIInterfaceOrientationLandscapeLeft UIInterfaceOrientationLandscapeRight";
				LD_RUNPATH_SEARCH_PATHS = (
					"$(inherited)",
					"@executable_path/Frameworks",
				);
				MARKETING_VERSION = 1.0;
				PRODUCT_BUNDLE_IDENTIFIER = none.TicTacToe;
				PRODUCT_NAME = "$(TARGET_NAME)";
				SWIFT_EMIT_LOC_STRINGS = YES;
				SWIFT_VERSION = 5.0;
				TARGETED_DEVICE_FAMILY = "1,2";
			};
			name = Release;
		};
		D85E02942D240A6C00CDEFCA /* Debug */ = {
			isa = XCBuildConfiguration;
			buildSettings = {
				BUNDLE_LOADER = "$(TEST_HOST)";
				CODE_SIGN_STYLE = Automatic;
				CURRENT_PROJECT_VERSION = 1;
				GENERATE_INFOPLIST_FILE = YES;
				IPHONEOS_DEPLOYMENT_TARGET = 18.0;
				MARKETING_VERSION = 1.0;
				PRODUCT_BUNDLE_IDENTIFIER = none.TicTacToeTests;
				PRODUCT_NAME = "$(TARGET_NAME)";
				SWIFT_EMIT_LOC_STRINGS = NO;
				SWIFT_VERSION = 5.0;
				TARGETED_DEVICE_FAMILY = "1,2";
				TEST_HOST = "$(BUILT_PRODUCTS_DIR)/TicTacToe.app/$(BUNDLE_EXECUTABLE_FOLDER_PATH)/TicTacToe";
			};
			name = Debug;
		};
		D85E02952D240A6C00CDEFCA /* Release */ = {
			isa = XCBuildConfiguration;
			buildSettings = {
				BUNDLE_LOADER = "$(TEST_HOST)";
				CODE_SIGN_STYLE = Automatic;
				CURRENT_PROJECT_VERSION = 1;
				GENERATE_INFOPLIST_FILE = YES;
				IPHONEOS_DEPLOYMENT_TARGET = 18.0;
				MARKETING_VERSION = 1.0;
				PRODUCT_BUNDLE_IDENTIFIER = none.TicTacToeTests;
				PRODUCT_NAME = "$(TARGET_NAME)";
				SWIFT_EMIT_LOC_STRINGS = NO;
				SWIFT_VERSION = 5.0;
				TARGETED_DEVICE_FAMILY = "1,2";
				TEST_HOST = "$(BUILT_PRODUCTS_DIR)/TicTacToe.app/$(BUNDLE_EXECUTABLE_FOLDER_PATH)/TicTacToe";
			};
			name = Release;
		};
		D85E02972D240A6C00CDEFCA /* Debug */ = {
			isa = XCBuildConfiguration;
			buildSettings = {
				CODE_SIGN_STYLE = Automatic;
				CURRENT_PROJECT_VERSION = 1;
				GENERATE_INFOPLIST_FILE = YES;
				MARKETING_VERSION = 1.0;
				PRODUCT_BUNDLE_IDENTIFIER = none.TicTacToeUITests;
				PRODUCT_NAME = "$(TARGET_NAME)";
				SWIFT_EMIT_LOC_STRINGS = NO;
				SWIFT_VERSION = 5.0;
				TARGETED_DEVICE_FAMILY = "1,2";
				TEST_TARGET_NAME = TicTacToe;
			};
			name = Debug;
		};
		D85E02982D240A6C00CDEFCA /* Release */ = {
			isa = XCBuildConfiguration;
			buildSettings = {
				CODE_SIGN_STYLE = Automatic;
				CURRENT_PROJECT_VERSION = 1;
				GENERATE_INFOPLIST_FILE = YES;
				MARKETING_VERSION = 1.0;
				PRODUCT_BUNDLE_IDENTIFIER = none.TicTacToeUITests;
				PRODUCT_NAME = "$(TARGET_NAME)";
				SWIFT_EMIT_LOC_STRINGS = NO;
				SWIFT_VERSION = 5.0;
				TARGETED_DEVICE_FAMILY = "1,2";
				TEST_TARGET_NAME = TicTacToe;
			};
			name = Release;
		};
/* End XCBuildConfiguration section */

/* Begin XCConfigurationList section */
		D85E02672D240A6A00CDEFCA /* Build configuration list for PBXProject "TicTacToe" */ = {
			isa = XCConfigurationList;
			buildConfigurations = (
				D85E028E2D240A6C00CDEFCA /* Debug */,
				D85E028F2D240A6C00CDEFCA /* Release */,
			);
			defaultConfigurationIsVisible = 0;
			defaultConfigurationName = Release;
		};
		D85E02902D240A6C00CDEFCA /* Build configuration list for PBXNativeTarget "TicTacToe" */ = {
			isa = XCConfigurationList;
			buildConfigurations = (
				D85E02912D240A6C00CDEFCA /* Debug */,
				D85E02922D240A6C00CDEFCA /* Release */,
			);
			defaultConfigurationIsVisible = 0;
			defaultConfigurationName = Release;
		};
		D85E02932D240A6C00CDEFCA /* Build configuration list for PBXNativeTarget "TicTacToeTests" */ = {
			isa = XCConfigurationList;
			buildConfigurations = (
				D85E02942D240A6C00CDEFCA /* Debug */,
				D85E02952D240A6C00CDEFCA /* Release */,
			);
			defaultConfigurationIsVisible = 0;
			defaultConfigurationName = Release;
		};
		D85E02962D240A6C00CDEFCA /* Build configuration list for PBXNativeTarget "TicTacToeUITests" */ = {
			isa = XCConfigurationList;
			buildConfigurations = (
				D85E02972D240A6C00CDEFCA /* Debug */,
				D85E02982D240A6C00CDEFCA /* Release */,
			);
			defaultConfigurationIsVisible = 0;
			defaultConfigurationName = Release;
		};
/* End XCConfigurationList section */
	};
	rootObject = D85E02642D240A6A00CDEFCA /* Project object */;
}
